
Microsoft Visual Studio Solution File, Format Version 12.00
# Visual Studio Version 16
VisualStudioVersion = 16.0.30406.217
MinimumVisualStudioVersion = 10.0.40219.1
Project("{8BC9CEB8-8B4A-11D0-8D11-00A0C91BC942}") = "CS111Project1-McDade", "CS111Project1-McDade\CS111Project1-McDade.vcxproj", "{562077AB-98A9-4DBF-AD7C-7EB5A5E37975}"
EndProject
Global
	GlobalSection(SolutionConfigurationPlatforms) = preSolution
		Debug|x64 = Debug|x64
		Debug|x86 = Debug|x86
		Release|x64 = Release|x64
		Release|x86 = Release|x86
	EndGlobalSection
	GlobalSection(ProjectConfigurationPlatforms) = postSolution
		{562077AB-98A9-4DBF-AD7C-7EB5A5E37975}.Debug|x64.ActiveCfg = Debug|x64
		{562077AB-98A9-4DBF-AD7C-7EB5A5E37975}.Debug|x64.Build.0 = Debug|x64
		{562077AB-98A9-4DBF-AD7C-7EB5A5E37975}.Debug|x86.ActiveCfg = Debug|Win32
		{562077AB-98A9-4DBF-AD7C-7EB5A5E37975}.Debug|x86.Build.0 = Debug|Win32
		{562077AB-98A9-4DBF-AD7C-7EB5A5E37975}.Release|x64.ActiveCfg = Release|x64
		{562077AB-98A9-4DBF-AD7C-7EB5A5E37975}.Release|x64.Build.0 = Release|x64
		{562077AB-98A9-4DBF-AD7C-7EB5A5E37975}.Release|x86.ActiveCfg = Release|Win32
		{562077AB-98A9-4DBF-AD7C-7EB5A5E37975}.Release|x86.Build.0 = Release|Win32
	EndGlobalSection
	GlobalSection(SolutionProperties) = preSolution
		HideSolutionNode = FALSE
	EndGlobalSection
	GlobalSection(ExtensibilityGlobals) = postSolution
		SolutionGuid = {9586316D-6ACA-4CD2-927E-31188364184B}
	EndGlobalSection
EndGlobal
