
Microsoft Visual Studio Solution File, Format Version 12.00
# Visual Studio Version 16
VisualStudioVersion = 16.0.32106.194
MinimumVisualStudioVersion = 10.0.40219.1
Project("{FAE04EC0-301F-11D3-BF4B-00C04F79EFBC}") = "Bank", "Bank\Bank.csproj", "{250F66C4-5A75-4255-AB99-45AF43A3A0B9}"
EndProject
Project("{FAE04EC0-301F-11D3-BF4B-00C04F79EFBC}") = "BankTests", "BankTests\BankTests.csproj", "{0C334E4D-BDA4-4805-A0A0-37842A1AE2A6}"
EndProject
Global
	GlobalSection(SolutionConfigurationPlatforms) = preSolution
		Debug|Any CPU = Debug|Any CPU
		Release|Any CPU = Release|Any CPU
	EndGlobalSection
	GlobalSection(ProjectConfigurationPlatforms) = postSolution
		{250F66C4-5A75-4255-AB99-45AF43A3A0B9}.Debug|Any CPU.ActiveCfg = Debug|Any CPU
		{250F66C4-5A75-4255-AB99-45AF43A3A0B9}.Debug|Any CPU.Build.0 = Debug|Any CPU
		{250F66C4-5A75-4255-AB99-45AF43A3A0B9}.Release|Any CPU.ActiveCfg = Release|Any CPU
		{250F66C4-5A75-4255-AB99-45AF43A3A0B9}.Release|Any CPU.Build.0 = Release|Any CPU
		{0C334E4D-BDA4-4805-A0A0-37842A1AE2A6}.Debug|Any CPU.ActiveCfg = Debug|Any CPU
		{0C334E4D-BDA4-4805-A0A0-37842A1AE2A6}.Debug|Any CPU.Build.0 = Debug|Any CPU
		{0C334E4D-BDA4-4805-A0A0-37842A1AE2A6}.Release|Any CPU.ActiveCfg = Release|Any CPU
		{0C334E4D-BDA4-4805-A0A0-37842A1AE2A6}.Release|Any CPU.Build.0 = Release|Any CPU
	EndGlobalSection
	GlobalSection(SolutionProperties) = preSolution
		HideSolutionNode = FALSE
	EndGlobalSection
	GlobalSection(ExtensibilityGlobals) = postSolution
		SolutionGuid = {1C88CF13-94FE-4B29-A90A-C451CE76360B}
	EndGlobalSection
EndGlobal
